{
  "name": "nawah-token-ui",
  "version": "1.0.0",
  "private": true,
  "scripts": {
    "dev": "npx shopify hydrogen dev",
    "build": "npx shopify hydrogen build",
    "start": "npx shopify hydrogen start"
  },
  "dependencies": {
    "@shopify/hydrogen": "^2.0.0",
    "react": "^18.2.0",
    "react-dom": "^18.2.0"
  },
  "devDependencies": {
    "@shopify/cli": "^3.0.0"
  },
  "engines": {
    "node": ">=18.x"
  }
}
