{
  "name": "nawah-token",
  "version": "1.0.0",
  "lockfileVersion": 2,
  "requires": true,
  "packages": {
    "": {
      "name": "nawah-token",
      "version": "1.0.0",
      "license": "MIT",
      "devDependencies": {
        "@nomiclabs/hardhat-ethers": "^2.1.1",
        "dotenv": "^16.3.1",
        "ethers": "^5.7.2",
        "hardhat": "^2.22.1"
      }
    },
    "node_modules/@nomiclabs/hardhat-ethers": {
      "version": "2.1.1",
      "resolved": "https://registry.npmjs.org/@nomiclabs/hardhat-ethers/-/hardhat-ethers-2.1.1.tgz",
      "integrity": "sha512-vVGZ+4T1Xh1icAqjT9xhhYV4cUquQHg8Uhz6FNoqpqPbVzkFzE1hd41m0ZAD2Y4d2gKZ3kqPGv+jf6X6Q37Ygw==",
      "dev": true,
      "peerDependencies": {
        "ethers": "^5.0.0"
      }
    },
    "node_modules/dotenv": {
      "version": "16.3.1",
      "resolved": "https://registry.npmjs.org/dotenv/-/dotenv-16.3.1.tgz",
      "integrity": "sha512-81cGqJBdHqzv3w6H8sq9Xz6CxS+kzCtmCdu1hVv6+z8Po2Xl4O+kq5n9M+fHgPjVxN7LJqKAvv8YfO5d+toVbA==",
      "dev": true
    },
    "node_modules/ethers": {
      "version": "5.7.2",
      "resolved": "https://registry.npmjs.org/ethers/-/ethers-5.7.2.tgz",
      "integrity": "sha512-lWGP8rQ0p4xtKzV7Cw4oIlp5fnZ4Z4BfiZnc9gY+9eLjvqydnwmX6k6w53Yv6cTUMnOj/JNTn8VtpAG0Hc2CYA==",
      "dev": true
    },
    "node_modules/hardhat": {
      "version": "2.22.1",
      "resolved": "https://registry.npmjs.org/hardhat/-/hardhat-2.22.1.tgz",
      "integrity": "sha512-WlX4kaP07pV3cWfb4IR9ZT6cATURy5Z77Qj3odkVbE/8rXjT1gAr1Vq1qjT9m9eALVzvKz3Jt0vXo9XZn8+nng==",
      "dev": true
    }
  },
  "dependencies": {},
  "devDependencies": {
    "@nomiclabs/hardhat-ethers": {
      "version": "2.1.1",
      "resolved": "https://registry.npmjs.org/@nomiclabs/hardhat-ethers/-/hardhat-ethers-2.1.1.tgz",
      "integrity": "sha512-vVGZ+4T1Xh1icAqjT9xhhYV4cUquQHg8Uhz6FNoqpqPbVzkFzE1hd41m0ZAD2Y4d2gKZ3kqPGv+jf6X6Q37Ygw==",
      "dev": true,
